
Microsoft Visual Studio Solution File, Format Version 12.00
# Visual Studio Version 17
VisualStudioVersion = 17.0.31912.275
MinimumVisualStudioVersion = 10.0.40219.1
Project("{FAE04EC0-301F-11D3-BF4B-00C04F79EFBC}") = "LearningManagementSystem", "LearningManagementSystem\LearningManagementSystem.csproj", "{633A5F31-B078-4B3C-B587-66EBD87F0B9D}"
EndProject
Global
	GlobalSection(SolutionConfigurationPlatforms) = preSolution
		Debug|Any CPU = Debug|Any CPU
		Release|Any CPU = Release|Any CPU
	EndGlobalSection
	GlobalSection(ProjectConfigurationPlatforms) = postSolution
		{633A5F31-B078-4B3C-B587-66EBD87F0B9D}.Debug|Any CPU.ActiveCfg = Debug|Any CPU
		{633A5F31-B078-4B3C-B587-66EBD87F0B9D}.Debug|Any CPU.Build.0 = Debug|Any CPU
		{633A5F31-B078-4B3C-B587-66EBD87F0B9D}.Release|Any CPU.ActiveCfg = Release|Any CPU
		{633A5F31-B078-4B3C-B587-66EBD87F0B9D}.Release|Any CPU.Build.0 = Release|Any CPU
	EndGlobalSection
	GlobalSection(SolutionProperties) = preSolution
		HideSolutionNode = FALSE
	EndGlobalSection
	GlobalSection(ExtensibilityGlobals) = postSolution
		SolutionGuid = {C43D9549-49FB-4536-8AF5-69D82A7C9B44}
	EndGlobalSection
EndGlobal
